
Microsoft Visual Studio Solution File, Format Version 12.00
# Visual Studio Version 17
VisualStudioVersion = 17.14.36414.22 d17.14
MinimumVisualStudioVersion = 10.0.40219.1
Project("{FAE04EC0-301F-11D3-BF4B-00C04F79EFBC}") = "MicroC Compiler", "MicroC Compiler\MicroC Compiler.csproj", "{C1095814-1A74-4E74-B308-3FEB707C375A}"
EndProject
Global
	GlobalSection(SolutionConfigurationPlatforms) = preSolution
		Debug|Any CPU = Debug|Any CPU
		Release|Any CPU = Release|Any CPU
	EndGlobalSection
	GlobalSection(ProjectConfigurationPlatforms) = postSolution
		{C1095814-1A74-4E74-B308-3FEB707C375A}.Debug|Any CPU.ActiveCfg = Debug|Any CPU
		{C1095814-1A74-4E74-B308-3FEB707C375A}.Debug|Any CPU.Build.0 = Debug|Any CPU
		{C1095814-1A74-4E74-B308-3FEB707C375A}.Release|Any CPU.ActiveCfg = Release|Any CPU
		{C1095814-1A74-4E74-B308-3FEB707C375A}.Release|Any CPU.Build.0 = Release|Any CPU
	EndGlobalSection
	GlobalSection(SolutionProperties) = preSolution
		HideSolutionNode = FALSE
	EndGlobalSection
	GlobalSection(ExtensibilityGlobals) = postSolution
		SolutionGuid = {70B2BE5E-CA9D-4E45-B225-78474F1DE648}
	EndGlobalSection
EndGlobal
